// !$*UTF8*$!
{
	archiveVersion = 1;
	classes = {
	};
	objectVersion = 46;
	objects = {

/* Begin PBXBuildFile section */
		312B7834A69EB2DD743D314B /* Pods_SerbisYou_App.framework in Frameworks */ = {isa = PBXBuildFile; fileRef = 777F049800443D4B5EB389AB /* Pods_SerbisYou_App.framework */; };
		55A96B0DCB113AFDBAFFF4D4 /* Pods_SerbisYou_AppTests.framework in Frameworks */ = {isa = PBXBuildFile; fileRef = DC69421E79B89449414A5940 /* Pods_SerbisYou_AppTests.framework */; };
		981184E11E59E527006C365A /* AuthViewModel.swift in Sources */ = {isa = PBXBuildFile; fileRef = 981184E01E59E527006C365A /* AuthViewModel.swift */; };
		981184E51E59E596006C365A /* AuthManager.swift in Sources */ = {isa = PBXBuildFile; fileRef = 981184E31E59E596006C365A /* AuthManager.swift */; };
		981184E61E59E596006C365A /* LoginManager.swift in Sources */ = {isa = PBXBuildFile; fileRef = 981184E41E59E596006C365A /* LoginManager.swift */; };
		BDC3C6FA7306A5675ED5B85B /* Pods_SerbisYou_AppUITests.framework in Frameworks */ = {isa = PBXBuildFile; fileRef = C75BA9E6445F74717D78D572 /* Pods_SerbisYou_AppUITests.framework */; };
		C929FD921DD5CF2300B497E8 /* AuthenticationViewController.swift in Sources */ = {isa = PBXBuildFile; fileRef = C929FD911DD5CF2300B497E8 /* AuthenticationViewController.swift */; };
		C929FD961DD5CFCD00B497E8 /* LoginWidget.xib in Resources */ = {isa = PBXBuildFile; fileRef = C929FD941DD5CFCD00B497E8 /* LoginWidget.xib */; };
		C929FD971DD5CFCD00B497E8 /* SignUpWidget.xib in Resources */ = {isa = PBXBuildFile; fileRef = C929FD951DD5CFCD00B497E8 /* SignUpWidget.xib */; };
		C929FD9C1DD5D0C000B497E8 /* GoogleService-Info.plist in Resources */ = {isa = PBXBuildFile; fileRef = C929FD9A1DD5D0C000B497E8 /* GoogleService-Info.plist */; };
		C929FD9D1DD5D0C000B497E8 /* Info.plist in Resources */ = {isa = PBXBuildFile; fileRef = C929FD9B1DD5D0C000B497E8 /* Info.plist */; };
		C929FDA01DD5D0DC00B497E8 /* LoginWidget.swift in Sources */ = {isa = PBXBuildFile; fileRef = C929FD9E1DD5D0DC00B497E8 /* LoginWidget.swift */; };
		C929FDA11DD5D0DC00B497E8 /* SignUpWidget.swift in Sources */ = {isa = PBXBuildFile; fileRef = C929FD9F1DD5D0DC00B497E8 /* SignUpWidget.swift */; };
		C95054E61DD5E25B00E6296B /* SocialMediaAuthenticationViewController.swift in Sources */ = {isa = PBXBuildFile; fileRef = C95054E51DD5E25B00E6296B /* SocialMediaAuthenticationViewController.swift */; };
		C96CAC8A1DFD890900B38D9F /* LoginWdget.swift in Sources */ = {isa = PBXBuildFile; fileRef = C96CAC891DFD890900B38D9F /* LoginWdget.swift */; };
		C96CAC8C1DFD897300B38D9F /* LoginWdget.xib in Resources */ = {isa = PBXBuildFile; fileRef = C96CAC8B1DFD897300B38D9F /* LoginWdget.xib */; };
		C96CAC8E1DFD978500B38D9F /* SignUpWdget.xib in Resources */ = {isa = PBXBuildFile; fileRef = C96CAC8D1DFD978500B38D9F /* SignUpWdget.xib */; };
		C96CAC901DFD988900B38D9F /* SignUpWdget.swift in Sources */ = {isa = PBXBuildFile; fileRef = C96CAC8F1DFD988900B38D9F /* SignUpWdget.swift */; };
		C96CAC921DFE666600B38D9F /* UserAuthentication.swift in Sources */ = {isa = PBXBuildFile; fileRef = C96CAC911DFE666600B38D9F /* UserAuthentication.swift */; };
		C97AD5A11DC2178A001209E0 /* AppDelegate.swift in Sources */ = {isa = PBXBuildFile; fileRef = C97AD5A01DC2178A001209E0 /* AppDelegate.swift */; };
		C97AD5A61DC2178A001209E0 /* Main.storyboard in Resources */ = {isa = PBXBuildFile; fileRef = C97AD5A41DC2178A001209E0 /* Main.storyboard */; };
		C97AD5A81DC2178A001209E0 /* Assets.xcassets in Resources */ = {isa = PBXBuildFile; fileRef = C97AD5A71DC2178A001209E0 /* Assets.xcassets */; };
		C97AD5B61DC2178A001209E0 /* SerbisYou_AppTests.swift in Sources */ = {isa = PBXBuildFile; fileRef = C97AD5B51DC2178A001209E0 /* SerbisYou_AppTests.swift */; };
		C97AD5C11DC2178A001209E0 /* SerbisYou_AppUITests.swift in Sources */ = {isa = PBXBuildFile; fileRef = C97AD5C01DC2178A001209E0 /* SerbisYou_AppUITests.swift */; };
		C97AD5E41DC22BCC001209E0 /* Bolts.framework in Frameworks */ = {isa = PBXBuildFile; fileRef = C97AD5E01DC22BCC001209E0 /* Bolts.framework */; };
		C97AD5E51DC22BCC001209E0 /* FBSDKCoreKit.framework in Frameworks */ = {isa = PBXBuildFile; fileRef = C97AD5E11DC22BCC001209E0 /* FBSDKCoreKit.framework */; };
		C97AD5E61DC22BCC001209E0 /* FBSDKLoginKit.framework in Frameworks */ = {isa = PBXBuildFile; fileRef = C97AD5E21DC22BCC001209E0 /* FBSDKLoginKit.framework */; };
		C97AD5E71DC22BCC001209E0 /* FBSDKShareKit.framework in Frameworks */ = {isa = PBXBuildFile; fileRef = C97AD5E31DC22BCC001209E0 /* FBSDKShareKit.framework */; };
		C97AD5ED1DC30143001209E0 /* HomeViewController.swift in Sources */ = {isa = PBXBuildFile; fileRef = C97AD5EC1DC30143001209E0 /* HomeViewController.swift */; };
/* End PBXBuildFile section */

/* Begin PBXContainerItemProxy section */
		C97AD5B21DC2178A001209E0 /* PBXContainerItemProxy */ = {
			isa = PBXContainerItemProxy;
			containerPortal = C97AD5951DC21789001209E0 /* Project object */;
			proxyType = 1;
			remoteGlobalIDString = C97AD59C1DC21789001209E0;
			remoteInfo = "SerbisYou-App";
		};
		C97AD5BD1DC2178A001209E0 /* PBXContainerItemProxy */ = {
			isa = PBXContainerItemProxy;
			containerPortal = C97AD5951DC21789001209E0 /* Project object */;
			proxyType = 1;
			remoteGlobalIDString = C97AD59C1DC21789001209E0;
			remoteInfo = "SerbisYou-App";
		};
/* End PBXContainerItemProxy section */

/* Begin PBXFileReference section */
		0038DE1030C309E3C1747422 /* Pods-SerbisYou-AppUITests.debug.xcconfig */ = {isa = PBXFileReference; includeInIndex = 1; lastKnownFileType = text.xcconfig; name = "Pods-SerbisYou-AppUITests.debug.xcconfig"; path = "Pods/Target Support Files/Pods-SerbisYou-AppUITests/Pods-SerbisYou-AppUITests.debug.xcconfig"; sourceTree = "<group>"; };
		05FB97F65BBA73682EB70302 /* Pods-SerbisYou-AppTests.debug.xcconfig */ = {isa = PBXFileReference; includeInIndex = 1; lastKnownFileType = text.xcconfig; name = "Pods-SerbisYou-AppTests.debug.xcconfig"; path = "Pods/Target Support Files/Pods-SerbisYou-AppTests/Pods-SerbisYou-AppTests.debug.xcconfig"; sourceTree = "<group>"; };
		285241CEF71606320923BD83 /* Pods-SerbisYou-App.debug.xcconfig */ = {isa = PBXFileReference; includeInIndex = 1; lastKnownFileType = text.xcconfig; name = "Pods-SerbisYou-App.debug.xcconfig"; path = "Pods/Target Support Files/Pods-SerbisYou-App/Pods-SerbisYou-App.debug.xcconfig"; sourceTree = "<group>"; };
		2ED484B67628E7523EB9F0D2 /* Pods-SerbisYou-AppTests.release.xcconfig */ = {isa = PBXFileReference; includeInIndex = 1; lastKnownFileType = text.xcconfig; name = "Pods-SerbisYou-AppTests.release.xcconfig"; path = "Pods/Target Support Files/Pods-SerbisYou-AppTests/Pods-SerbisYou-AppTests.release.xcconfig"; sourceTree = "<group>"; };
		777F049800443D4B5EB389AB /* Pods_SerbisYou_App.framework */ = {isa = PBXFileReference; explicitFileType = wrapper.framework; includeInIndex = 0; path = Pods_SerbisYou_App.framework; sourceTree = BUILT_PRODUCTS_DIR; };
		830D096A30D8E2F8CD5ACC0C /* Pods-SerbisYou-AppUITests.release.xcconfig */ = {isa = PBXFileReference; includeInIndex = 1; lastKnownFileType = text.xcconfig; name = "Pods-SerbisYou-AppUITests.release.xcconfig"; path = "Pods/Target Support Files/Pods-SerbisYou-AppUITests/Pods-SerbisYou-AppUITests.release.xcconfig"; sourceTree = "<group>"; };
		981184E01E59E527006C365A /* AuthViewModel.swift */ = {isa = PBXFileReference; fileEncoding = 4; lastKnownFileType = sourcecode.swift; path = AuthViewModel.swift; sourceTree = "<group>"; };
		981184E31E59E596006C365A /* AuthManager.swift */ = {isa = PBXFileReference; fileEncoding = 4; lastKnownFileType = sourcecode.swift; path = AuthManager.swift; sourceTree = "<group>"; };
		981184E41E59E596006C365A /* LoginManager.swift */ = {isa = PBXFileReference; fileEncoding = 4; lastKnownFileType = sourcecode.swift; path = LoginManager.swift; sourceTree = "<group>"; };
		C75BA9E6445F74717D78D572 /* Pods_SerbisYou_AppUITests.framework */ = {isa = PBXFileReference; explicitFileType = wrapper.framework; includeInIndex = 0; path = Pods_SerbisYou_AppUITests.framework; sourceTree = BUILT_PRODUCTS_DIR; };
		C929FD911DD5CF2300B497E8 /* AuthenticationViewController.swift */ = {isa = PBXFileReference; fileEncoding = 4; lastKnownFileType = sourcecode.swift; path = AuthenticationViewController.swift; sourceTree = "<group>"; };
		C929FD941DD5CFCD00B497E8 /* LoginWidget.xib */ = {isa = PBXFileReference; fileEncoding = 4; lastKnownFileType = file.xib; path = LoginWidget.xib; sourceTree = "<group>"; };
		C929FD951DD5CFCD00B497E8 /* SignUpWidget.xib */ = {isa = PBXFileReference; fileEncoding = 4; lastKnownFileType = file.xib; path = SignUpWidget.xib; sourceTree = "<group>"; };
		C929FD9A1DD5D0C000B497E8 /* GoogleService-Info.plist */ = {isa = PBXFileReference; fileEncoding = 4; lastKnownFileType = text.plist.xml; path = "GoogleService-Info.plist"; sourceTree = "<group>"; };
		C929FD9B1DD5D0C000B497E8 /* Info.plist */ = {isa = PBXFileReference; fileEncoding = 4; lastKnownFileType = text.plist.xml; path = Info.plist; sourceTree = "<group>"; };
		C929FD9E1DD5D0DC00B497E8 /* LoginWidget.swift */ = {isa = PBXFileReference; fileEncoding = 4; lastKnownFileType = sourcecode.swift; path = LoginWidget.swift; sourceTree = "<group>"; };
		C929FD9F1DD5D0DC00B497E8 /* SignUpWidget.swift */ = {isa = PBXFileReference; fileEncoding = 4; lastKnownFileType = sourcecode.swift; path = SignUpWidget.swift; sourceTree = "<group>"; };
		C95054E51DD5E25B00E6296B /* SocialMediaAuthenticationViewController.swift */ = {isa = PBXFileReference; fileEncoding = 4; lastKnownFileType = sourcecode.swift; path = SocialMediaAuthenticationViewController.swift; sourceTree = "<group>"; };
		C96CAC891DFD890900B38D9F /* LoginWdget.swift */ = {isa = PBXFileReference; fileEncoding = 4; lastKnownFileType = sourcecode.swift; path = LoginWdget.swift; sourceTree = "<group>"; };
		C96CAC8B1DFD897300B38D9F /* LoginWdget.xib */ = {isa = PBXFileReference; fileEncoding = 4; lastKnownFileType = file.xib; path = LoginWdget.xib; sourceTree = "<group>"; };
		C96CAC8D1DFD978500B38D9F /* SignUpWdget.xib */ = {isa = PBXFileReference; fileEncoding = 4; lastKnownFileType = file.xib; path = SignUpWdget.xib; sourceTree = "<group>"; };
		C96CAC8F1DFD988900B38D9F /* SignUpWdget.swift */ = {isa = PBXFileReference; fileEncoding = 4; lastKnownFileType = sourcecode.swift; path = SignUpWdget.swift; sourceTree = "<group>"; };
		C96CAC911DFE666600B38D9F /* UserAuthentication.swift */ = {isa = PBXFileReference; fileEncoding = 4; lastKnownFileType = sourcecode.swift; path = UserAuthentication.swift; sourceTree = "<group>"; };
		C97AD59D1DC21789001209E0 /* SerbisYou-App.app */ = {isa = PBXFileReference; explicitFileType = wrapper.application; includeInIndex = 0; path = "SerbisYou-App.app"; sourceTree = BUILT_PRODUCTS_DIR; };
		C97AD5A01DC2178A001209E0 /* AppDelegate.swift */ = {isa = PBXFileReference; lastKnownFileType = sourcecode.swift; name = AppDelegate.swift; path = ../AppDelegate.swift; sourceTree = "<group>"; };
		C97AD5A51DC2178A001209E0 /* Base */ = {isa = PBXFileReference; lastKnownFileType = file.storyboard; name = Base; path = Base.lproj/Main.storyboard; sourceTree = "<group>"; };
		C97AD5A71DC2178A001209E0 /* Assets.xcassets */ = {isa = PBXFileReference; lastKnownFileType = folder.assetcatalog; path = Assets.xcassets; sourceTree = "<group>"; };
		C97AD5B11DC2178A001209E0 /* SerbisYou-AppTests.xctest */ = {isa = PBXFileReference; explicitFileType = wrapper.cfbundle; includeInIndex = 0; path = "SerbisYou-AppTests.xctest"; sourceTree = BUILT_PRODUCTS_DIR; };
		C97AD5B51DC2178A001209E0 /* SerbisYou_AppTests.swift */ = {isa = PBXFileReference; lastKnownFileType = sourcecode.swift; path = SerbisYou_AppTests.swift; sourceTree = "<group>"; };
		C97AD5B71DC2178A001209E0 /* Info.plist */ = {isa = PBXFileReference; lastKnownFileType = text.plist.xml; path = Info.plist; sourceTree = "<group>"; };
		C97AD5BC1DC2178A001209E0 /* SerbisYou-AppUITests.xctest */ = {isa = PBXFileReference; explicitFileType = wrapper.cfbundle; includeInIndex = 0; path = "SerbisYou-AppUITests.xctest"; sourceTree = BUILT_PRODUCTS_DIR; };
		C97AD5C01DC2178A001209E0 /* SerbisYou_AppUITests.swift */ = {isa = PBXFileReference; lastKnownFileType = sourcecode.swift; path = SerbisYou_AppUITests.swift; sourceTree = "<group>"; };
		C97AD5C21DC2178A001209E0 /* Info.plist */ = {isa = PBXFileReference; lastKnownFileType = text.plist.xml; path = Info.plist; sourceTree = "<group>"; };
		C97AD5E01DC22BCC001209E0 /* Bolts.framework */ = {isa = PBXFileReference; lastKnownFileType = wrapper.framework; name = Bolts.framework; path = "Pods/../build/Debug-iphoneos/Bolts/Bolts.framework"; sourceTree = "<group>"; };
		C97AD5E11DC22BCC001209E0 /* FBSDKCoreKit.framework */ = {isa = PBXFileReference; lastKnownFileType = wrapper.framework; name = FBSDKCoreKit.framework; path = "Pods/../build/Debug-iphoneos/FBSDKCoreKit/FBSDKCoreKit.framework"; sourceTree = "<group>"; };
		C97AD5E21DC22BCC001209E0 /* FBSDKLoginKit.framework */ = {isa = PBXFileReference; lastKnownFileType = wrapper.framework; name = FBSDKLoginKit.framework; path = "Pods/../build/Debug-iphoneos/FBSDKLoginKit/FBSDKLoginKit.framework"; sourceTree = "<group>"; };
		C97AD5E31DC22BCC001209E0 /* FBSDKShareKit.framework */ = {isa = PBXFileReference; lastKnownFileType = wrapper.framework; name = FBSDKShareKit.framework; path = "Pods/../build/Debug-iphoneos/FBSDKShareKit/FBSDKShareKit.framework"; sourceTree = "<group>"; };
		C97AD5EC1DC30143001209E0 /* HomeViewController.swift */ = {isa = PBXFileReference; fileEncoding = 4; lastKnownFileType = sourcecode.swift; path = HomeViewController.swift; sourceTree = "<group>"; };
		D05510FE8B00A062B98FFBEB /* Pods-SerbisYou-App.release.xcconfig */ = {isa = PBXFileReference; includeInIndex = 1; lastKnownFileType = text.xcconfig; name = "Pods-SerbisYou-App.release.xcconfig"; path = "Pods/Target Support Files/Pods-SerbisYou-App/Pods-SerbisYou-App.release.xcconfig"; sourceTree = "<group>"; };
		DC69421E79B89449414A5940 /* Pods_SerbisYou_AppTests.framework */ = {isa = PBXFileReference; explicitFileType = wrapper.framework; includeInIndex = 0; path = Pods_SerbisYou_AppTests.framework; sourceTree = BUILT_PRODUCTS_DIR; };
/* End PBXFileReference section */

/* Begin PBXFrameworksBuildPhase section */
		C97AD59A1DC21789001209E0 /* Frameworks */ = {
			isa = PBXFrameworksBuildPhase;
			buildActionMask = 2147483647;
			files = (
				C97AD5E41DC22BCC001209E0 /* Bolts.framework in Frameworks */,
				C97AD5E51DC22BCC001209E0 /* FBSDKCoreKit.framework in Frameworks */,
				C97AD5E61DC22BCC001209E0 /* FBSDKLoginKit.framework in Frameworks */,
				C97AD5E71DC22BCC001209E0 /* FBSDKShareKit.framework in Frameworks */,
				312B7834A69EB2DD743D314B /* Pods_SerbisYou_App.framework in Frameworks */,
			);
			runOnlyForDeploymentPostprocessing = 0;
		};
		C97AD5AE1DC2178A001209E0 /* Frameworks */ = {
			isa = PBXFrameworksBuildPhase;
			buildActionMask = 2147483647;
			files = (
				55A96B0DCB113AFDBAFFF4D4 /* Pods_SerbisYou_AppTests.framework in Frameworks */,
			);
			runOnlyForDeploymentPostprocessing = 0;
		};
		C97AD5B91DC2178A001209E0 /* Frameworks */ = {
			isa = PBXFrameworksBuildPhase;
			buildActionMask = 2147483647;
			files = (
				BDC3C6FA7306A5675ED5B85B /* Pods_SerbisYou_AppUITests.framework in Frameworks */,
			);
			runOnlyForDeploymentPostprocessing = 0;
		};
/* End PBXFrameworksBuildPhase section */

/* Begin PBXGroup section */
		4B7DB49CB2FA1F12F99663D1 /* Pods */ = {
			isa = PBXGroup;
			children = (
				285241CEF71606320923BD83 /* Pods-SerbisYou-App.debug.xcconfig */,
				D05510FE8B00A062B98FFBEB /* Pods-SerbisYou-App.release.xcconfig */,
				05FB97F65BBA73682EB70302 /* Pods-SerbisYou-AppTests.debug.xcconfig */,
				2ED484B67628E7523EB9F0D2 /* Pods-SerbisYou-AppTests.release.xcconfig */,
				0038DE1030C309E3C1747422 /* Pods-SerbisYou-AppUITests.debug.xcconfig */,
				830D096A30D8E2F8CD5ACC0C /* Pods-SerbisYou-AppUITests.release.xcconfig */,
			);
			name = Pods;
			sourceTree = "<group>";
		};
		981184DF1E59E527006C365A /* ViewModels */ = {
			isa = PBXGroup;
			children = (
				981184E01E59E527006C365A /* AuthViewModel.swift */,
			);
			path = ViewModels;
			sourceTree = "<group>";
		};
		981184E21E59E596006C365A /* services */ = {
			isa = PBXGroup;
			children = (
				981184E31E59E596006C365A /* AuthManager.swift */,
				981184E41E59E596006C365A /* LoginManager.swift */,
			);
			path = services;
			sourceTree = "<group>";
		};
		C929FD901DD5CDD800B497E8 /* controllers */ = {
			isa = PBXGroup;
			children = (
				C929FD911DD5CF2300B497E8 /* AuthenticationViewController.swift */,
				C97AD5A01DC2178A001209E0 /* AppDelegate.swift */,
				C97AD5EC1DC30143001209E0 /* HomeViewController.swift */,
				C95054E51DD5E25B00E6296B /* SocialMediaAuthenticationViewController.swift */,
			);
			path = controllers;
			sourceTree = "<group>";
		};
		C929FD931DD5CF5A00B497E8 /* views */ = {
			isa = PBXGroup;
			children = (
				C929FD9E1DD5D0DC00B497E8 /* LoginWidget.swift */,
				C929FD9F1DD5D0DC00B497E8 /* SignUpWidget.swift */,
				C929FD941DD5CFCD00B497E8 /* LoginWidget.xib */,
				C929FD951DD5CFCD00B497E8 /* SignUpWidget.xib */,
				C96CAC891DFD890900B38D9F /* LoginWdget.swift */,
				C96CAC8B1DFD897300B38D9F /* LoginWdget.xib */,
				C96CAC8D1DFD978500B38D9F /* SignUpWdget.xib */,
				C96CAC8F1DFD988900B38D9F /* SignUpWdget.swift */,
			);
			path = views;
			sourceTree = "<group>";
		};
		C929FD981DD5D00600B497E8 /* models */ = {
			isa = PBXGroup;
			children = (
				C96CAC911DFE666600B38D9F /* UserAuthentication.swift */,
			);
			path = models;
			sourceTree = "<group>";
		};
		C929FD991DD5D06500B497E8 /* config */ = {
			isa = PBXGroup;
			children = (
				C929FD9A1DD5D0C000B497E8 /* GoogleService-Info.plist */,
				C929FD9B1DD5D0C000B497E8 /* Info.plist */,
			);
			path = config;
			sourceTree = "<group>";
		};
		C97AD5941DC21789001209E0 = {
			isa = PBXGroup;
			children = (
				C97AD59F1DC21789001209E0 /* SerbisYou-App */,
				C97AD5B41DC2178A001209E0 /* SerbisYou-AppTests */,
				C97AD5BF1DC2178A001209E0 /* SerbisYou-AppUITests */,
				C97AD59E1DC21789001209E0 /* Products */,
				4B7DB49CB2FA1F12F99663D1 /* Pods */,
				FCFC53B8F8F79610CE18F6DB /* Frameworks */,
			);
			indentWidth = 3;
			sourceTree = "<group>";
		};
		C97AD59E1DC21789001209E0 /* Products */ = {
			isa = PBXGroup;
			children = (
				C97AD59D1DC21789001209E0 /* SerbisYou-App.app */,
				C97AD5B11DC2178A001209E0 /* SerbisYou-AppTests.xctest */,
				C97AD5BC1DC2178A001209E0 /* SerbisYou-AppUITests.xctest */,
			);
			name = Products;
			sourceTree = "<group>";
		};
		C97AD59F1DC21789001209E0 /* SerbisYou-App */ = {
			isa = PBXGroup;
			children = (
				981184E21E59E596006C365A /* services */,
				981184DF1E59E527006C365A /* ViewModels */,
				C929FD991DD5D06500B497E8 /* config */,
				C929FD981DD5D00600B497E8 /* models */,
				C929FD931DD5CF5A00B497E8 /* views */,
				C929FD901DD5CDD800B497E8 /* controllers */,
				C97AD5A41DC2178A001209E0 /* Main.storyboard */,
				C97AD5A71DC2178A001209E0 /* Assets.xcassets */,
			);
			path = "SerbisYou-App";
			sourceTree = "<group>";
		};
		C97AD5B41DC2178A001209E0 /* SerbisYou-AppTests */ = {
			isa = PBXGroup;
			children = (
				C97AD5B51DC2178A001209E0 /* SerbisYou_AppTests.swift */,
				C97AD5B71DC2178A001209E0 /* Info.plist */,
			);
			path = "SerbisYou-AppTests";
			sourceTree = "<group>";
		};
		C97AD5BF1DC2178A001209E0 /* SerbisYou-AppUITests */ = {
			isa = PBXGroup;
			children = (
				C97AD5C01DC2178A001209E0 /* SerbisYou_AppUITests.swift */,
				C97AD5C21DC2178A001209E0 /* Info.plist */,
			);
			path = "SerbisYou-AppUITests";
			sourceTree = "<group>";
		};
		FCFC53B8F8F79610CE18F6DB /* Frameworks */ = {
			isa = PBXGroup;
			children = (
				C97AD5E01DC22BCC001209E0 /* Bolts.framework */,
				C97AD5E11DC22BCC001209E0 /* FBSDKCoreKit.framework */,
				C97AD5E21DC22BCC001209E0 /* FBSDKLoginKit.framework */,
				C97AD5E31DC22BCC001209E0 /* FBSDKShareKit.framework */,
				777F049800443D4B5EB389AB /* Pods_SerbisYou_App.framework */,
				DC69421E79B89449414A5940 /* Pods_SerbisYou_AppTests.framework */,
				C75BA9E6445F74717D78D572 /* Pods_SerbisYou_AppUITests.framework */,
			);
			name = Frameworks;
			sourceTree = "<group>";
		};
/* End PBXGroup section */

/* Begin PBXNativeTarget section */
		C97AD59C1DC21789001209E0 /* SerbisYou-App */ = {
			isa = PBXNativeTarget;
			buildConfigurationList = C97AD5C51DC2178A001209E0 /* Build configuration list for PBXNativeTarget "SerbisYou-App" */;
			buildPhases = (
				993BC798E5E87D5BD56B4267 /* [CP] Check Pods Manifest.lock */,
				C97AD5991DC21789001209E0 /* Sources */,
				C97AD59A1DC21789001209E0 /* Frameworks */,
				C97AD59B1DC21789001209E0 /* Resources */,
				32095901E9E9A32EE096710A /* [CP] Embed Pods Frameworks */,
				38227E89CB5F3ABFCC47980E /* [CP] Copy Pods Resources */,
			);
			buildRules = (
			);
			dependencies = (
			);
			name = "SerbisYou-App";
			productName = "SerbisYou-App";
			productReference = C97AD59D1DC21789001209E0 /* SerbisYou-App.app */;
			productType = "com.apple.product-type.application";
		};
		C97AD5B01DC2178A001209E0 /* SerbisYou-AppTests */ = {
			isa = PBXNativeTarget;
			buildConfigurationList = C97AD5C81DC2178A001209E0 /* Build configuration list for PBXNativeTarget "SerbisYou-AppTests" */;
			buildPhases = (
				9360A77FDD81A1DF08270A66 /* [CP] Check Pods Manifest.lock */,
				C97AD5AD1DC2178A001209E0 /* Sources */,
				C97AD5AE1DC2178A001209E0 /* Frameworks */,
				C97AD5AF1DC2178A001209E0 /* Resources */,
				94ADB4BB04602F8AA86F948C /* [CP] Embed Pods Frameworks */,
				360EF0D37FF3658094128FBF /* [CP] Copy Pods Resources */,
			);
			buildRules = (
			);
			dependencies = (
				C97AD5B31DC2178A001209E0 /* PBXTargetDependency */,
			);
			name = "SerbisYou-AppTests";
			productName = "SerbisYou-AppTests";
			productReference = C97AD5B11DC2178A001209E0 /* SerbisYou-AppTests.xctest */;
			productType = "com.apple.product-type.bundle.unit-test";
		};
		C97AD5BB1DC2178A001209E0 /* SerbisYou-AppUITests */ = {
			isa = PBXNativeTarget;
			buildConfigurationList = C97AD5CB1DC2178A001209E0 /* Build configuration list for PBXNativeTarget "SerbisYou-AppUITests" */;
			buildPhases = (
				5DFFA7E34CA83A8E7FDA5029 /* [CP] Check Pods Manifest.lock */,
				C97AD5B81DC2178A001209E0 /* Sources */,
				C97AD5B91DC2178A001209E0 /* Frameworks */,
				C97AD5BA1DC2178A001209E0 /* Resources */,
				9DE0ED1226CDFCADDB54D71A /* [CP] Copy Pods Resources */,
			);
			buildRules = (
			);
			dependencies = (
				C97AD5BE1DC2178A001209E0 /* PBXTargetDependency */,
			);
			name = "SerbisYou-AppUITests";
			productName = "SerbisYou-AppUITests";
			productReference = C97AD5BC1DC2178A001209E0 /* SerbisYou-AppUITests.xctest */;
			productType = "com.apple.product-type.bundle.ui-testing";
		};
/* End PBXNativeTarget section */

/* Begin PBXProject section */
		C97AD5951DC21789001209E0 /* Project object */ = {
			isa = PBXProject;
			attributes = {
				LastSwiftUpdateCheck = 0720;
				LastUpgradeCheck = 0720;
				ORGANIZATIONNAME = eebasadre.co;
				TargetAttributes = {
					C97AD59C1DC21789001209E0 = {
						CreatedOnToolsVersion = 7.2.1;
						DevelopmentTeam = N6QSGUZ89X;
						LastSwiftMigration = 0820;
						ProvisioningStyle = Automatic;
					};
					C97AD5B01DC2178A001209E0 = {
						CreatedOnToolsVersion = 7.2.1;
						LastSwiftMigration = 0820;
						TestTargetID = C97AD59C1DC21789001209E0;
					};
					C97AD5BB1DC2178A001209E0 = {
						CreatedOnToolsVersion = 7.2.1;
						LastSwiftMigration = 0820;
						TestTargetID = C97AD59C1DC21789001209E0;
					};
				};
			};
			buildConfigurationList = C97AD5981DC21789001209E0 /* Build configuration list for PBXProject "SerbisYou-App" */;
			compatibilityVersion = "Xcode 3.2";
			developmentRegion = English;
			hasScannedForEncodings = 0;
			knownRegions = (
				en,
				Base,
			);
			mainGroup = C97AD5941DC21789001209E0;
			productRefGroup = C97AD59E1DC21789001209E0 /* Products */;
			projectDirPath = "";
			projectRoot = "";
			targets = (
				C97AD59C1DC21789001209E0 /* SerbisYou-App */,
				C97AD5B01DC2178A001209E0 /* SerbisYou-AppTests */,
				C97AD5BB1DC2178A001209E0 /* SerbisYou-AppUITests */,
			);
		};
/* End PBXProject section */

/* Begin PBXResourcesBuildPhase section */
		C97AD59B1DC21789001209E0 /* Resources */ = {
			isa = PBXResourcesBuildPhase;
			buildActionMask = 2147483647;
			files = (
				C929FD961DD5CFCD00B497E8 /* LoginWidget.xib in Resources */,
				C96CAC8E1DFD978500B38D9F /* SignUpWdget.xib in Resources */,
				C97AD5A81DC2178A001209E0 /* Assets.xcassets in Resources */,
				C929FD9D1DD5D0C000B497E8 /* Info.plist in Resources */,
				C929FD9C1DD5D0C000B497E8 /* GoogleService-Info.plist in Resources */,
				C97AD5A61DC2178A001209E0 /* Main.storyboard in Resources */,
				C96CAC8C1DFD897300B38D9F /* LoginWdget.xib in Resources */,
				C929FD971DD5CFCD00B497E8 /* SignUpWidget.xib in Resources */,
			);
			runOnlyForDeploymentPostprocessing = 0;
		};
		C97AD5AF1DC2178A001209E0 /* Resources */ = {
			isa = PBXResourcesBuildPhase;
			buildActionMask = 2147483647;
			files = (
			);
			runOnlyForDeploymentPostprocessing = 0;
		};
		C97AD5BA1DC2178A001209E0 /* Resources */ = {
			isa = PBXResourcesBuildPhase;
			buildActionMask = 2147483647;
			files = (
			);
			runOnlyForDeploymentPostprocessing = 0;
		};
/* End PBXResourcesBuildPhase section */

/* Begin PBXShellScriptBuildPhase section */
		32095901E9E9A32EE096710A /* [CP] Embed Pods Frameworks */ = {
			isa = PBXShellScriptBuildPhase;
			buildActionMask = 2147483647;
			files = (
			);
			inputPaths = (
			);
			name = "[CP] Embed Pods Frameworks";
			outputPaths = (
			);
			runOnlyForDeploymentPostprocessing = 0;
			shellPath = /bin/sh;
			shellScript = "\"${SRCROOT}/Pods/Target Support Files/Pods-SerbisYou-App/Pods-SerbisYou-App-frameworks.sh\"\n";
			showEnvVarsInLog = 0;
		};
		360EF0D37FF3658094128FBF /* [CP] Copy Pods Resources */ = {
			isa = PBXShellScriptBuildPhase;
			buildActionMask = 2147483647;
			files = (
			);
			inputPaths = (
			);
			name = "[CP] Copy Pods Resources";
			outputPaths = (
			);
			runOnlyForDeploymentPostprocessing = 0;
			shellPath = /bin/sh;
			shellScript = "\"${SRCROOT}/Pods/Target Support Files/Pods-SerbisYou-AppTests/Pods-SerbisYou-AppTests-resources.sh\"\n";
			showEnvVarsInLog = 0;
		};
		38227E89CB5F3ABFCC47980E /* [CP] Copy Pods Resources */ = {
			isa = PBXShellScriptBuildPhase;
			buildActionMask = 2147483647;
			files = (
			);
			inputPaths = (
			);
			name = "[CP] Copy Pods Resources";
			outputPaths = (
			);
			runOnlyForDeploymentPostprocessing = 0;
			shellPath = /bin/sh;
			shellScript = "\"${SRCROOT}/Pods/Target Support Files/Pods-SerbisYou-App/Pods-SerbisYou-App-resources.sh\"\n";
			showEnvVarsInLog = 0;
		};
		5DFFA7E34CA83A8E7FDA5029 /* [CP] Check Pods Manifest.lock */ = {
			isa = PBXShellScriptBuildPhase;
			buildActionMask = 2147483647;
			files = (
			);
			inputPaths = (
			);
			name = "[CP] Check Pods Manifest.lock";
			outputPaths = (
			);
			runOnlyForDeploymentPostprocessing = 0;
			shellPath = /bin/sh;
			shellScript = "diff \"${PODS_ROOT}/../Podfile.lock\" \"${PODS_ROOT}/Manifest.lock\" > /dev/null\nif [[ $? != 0 ]] ; then\n    cat << EOM\nerror: The sandbox is not in sync with the Podfile.lock. Run 'pod install' or update your CocoaPods installation.\nEOM\n    exit 1\nfi\n";
			showEnvVarsInLog = 0;
		};
		9360A77FDD81A1DF08270A66 /* [CP] Check Pods Manifest.lock */ = {
			isa = PBXShellScriptBuildPhase;
			buildActionMask = 2147483647;
			files = (
			);
			inputPaths = (
			);
			name = "[CP] Check Pods Manifest.lock";
			outputPaths = (
			);
			runOnlyForDeploymentPostprocessing = 0;
			shellPath = /bin/sh;
			shellScript = "diff \"${PODS_ROOT}/../Podfile.lock\" \"${PODS_ROOT}/Manifest.lock\" > /dev/null\nif [[ $? != 0 ]] ; then\n    cat << EOM\nerror: The sandbox is not in sync with the Podfile.lock. Run 'pod install' or update your CocoaPods installation.\nEOM\n    exit 1\nfi\n";
			showEnvVarsInLog = 0;
		};
		94ADB4BB04602F8AA86F948C /* [CP] Embed Pods Frameworks */ = {
			isa = PBXShellScriptBuildPhase;
			buildActionMask = 2147483647;
			files = (
			);
			inputPaths = (
			);
			name = "[CP] Embed Pods Frameworks";
			outputPaths = (
			);
			runOnlyForDeploymentPostprocessing = 0;
			shellPath = /bin/sh;
			shellScript = "\"${SRCROOT}/Pods/Target Support Files/Pods-SerbisYou-AppTests/Pods-SerbisYou-AppTests-frameworks.sh\"\n";
			showEnvVarsInLog = 0;
		};
		993BC798E5E87D5BD56B4267 /* [CP] Check Pods Manifest.lock */ = {
			isa = PBXShellScriptBuildPhase;
			buildActionMask = 2147483647;
			files = (
			);
			inputPaths = (
			);
			name = "[CP] Check Pods Manifest.lock";
			outputPaths = (
			);
			runOnlyForDeploymentPostprocessing = 0;
			shellPath = /bin/sh;
			shellScript = "diff \"${PODS_ROOT}/../Podfile.lock\" \"${PODS_ROOT}/Manifest.lock\" > /dev/null\nif [[ $? != 0 ]] ; then\n    cat << EOM\nerror: The sandbox is not in sync with the Podfile.lock. Run 'pod install' or update your CocoaPods installation.\nEOM\n    exit 1\nfi\n";
			showEnvVarsInLog = 0;
		};
		9DE0ED1226CDFCADDB54D71A /* [CP] Copy Pods Resources */ = {
			isa = PBXShellScriptBuildPhase;
			buildActionMask = 2147483647;
			files = (
			);
			inputPaths = (
			);
			name = "[CP] Copy Pods Resources";
			outputPaths = (
			);
			runOnlyForDeploymentPostprocessing = 0;
			shellPath = /bin/sh;
			shellScript = "\"${SRCROOT}/Pods/Target Support Files/Pods-SerbisYou-AppUITests/Pods-SerbisYou-AppUITests-resources.sh\"\n";
			showEnvVarsInLog = 0;
		};
/* End PBXShellScriptBuildPhase section */

/* Begin PBXSourcesBuildPhase section */
		C97AD5991DC21789001209E0 /* Sources */ = {
			isa = PBXSourcesBuildPhase;
			buildActionMask = 2147483647;
			files = (
				981184E11E59E527006C365A /* AuthViewModel.swift in Sources */,
				C929FD921DD5CF2300B497E8 /* AuthenticationViewController.swift in Sources */,
				C97AD5A11DC2178A001209E0 /* AppDelegate.swift in Sources */,
				C95054E61DD5E25B00E6296B /* SocialMediaAuthenticationViewController.swift in Sources */,
				C97AD5ED1DC30143001209E0 /* HomeViewController.swift in Sources */,
				981184E61E59E596006C365A /* LoginManager.swift in Sources */,
				C929FDA01DD5D0DC00B497E8 /* LoginWidget.swift in Sources */,
				C96CAC901DFD988900B38D9F /* SignUpWdget.swift in Sources */,
				C96CAC8A1DFD890900B38D9F /* LoginWdget.swift in Sources */,
				981184E51E59E596006C365A /* AuthManager.swift in Sources */,
				C929FDA11DD5D0DC00B497E8 /* SignUpWidget.swift in Sources */,
				C96CAC921DFE666600B38D9F /* UserAuthentication.swift in Sources */,
			);
			runOnlyForDeploymentPostprocessing = 0;
		};
		C97AD5AD1DC2178A001209E0 /* Sources */ = {
			isa = PBXSourcesBuildPhase;
			buildActionMask = 2147483647;
			files = (
				C97AD5B61DC2178A001209E0 /* SerbisYou_AppTests.swift in Sources */,
			);
			runOnlyForDeploymentPostprocessing = 0;
		};
		C97AD5B81DC2178A001209E0 /* Sources */ = {
			isa = PBXSourcesBuildPhase;
			buildActionMask = 2147483647;
			files = (
				C97AD5C11DC2178A001209E0 /* SerbisYou_AppUITests.swift in Sources */,
			);
			runOnlyForDeploymentPostprocessing = 0;
		};
/* End PBXSourcesBuildPhase section */

/* Begin PBXTargetDependency section */
		C97AD5B31DC2178A001209E0 /* PBXTargetDependency */ = {
			isa = PBXTargetDependency;
			target = C97AD59C1DC21789001209E0 /* SerbisYou-App */;
			targetProxy = C97AD5B21DC2178A001209E0 /* PBXContainerItemProxy */;
		};
		C97AD5BE1DC2178A001209E0 /* PBXTargetDependency */ = {
			isa = PBXTargetDependency;
			target = C97AD59C1DC21789001209E0 /* SerbisYou-App */;
			targetProxy = C97AD5BD1DC2178A001209E0 /* PBXContainerItemProxy */;
		};
/* End PBXTargetDependency section */

/* Begin PBXVariantGroup section */
		C97AD5A41DC2178A001209E0 /* Main.storyboard */ = {
			isa = PBXVariantGroup;
			children = (
				C97AD5A51DC2178A001209E0 /* Base */,
			);
			name = Main.storyboard;
			sourceTree = "<group>";
		};
/* End PBXVariantGroup section */

/* Begin XCBuildConfiguration section */
		C97AD5C31DC2178A001209E0 /* Debug */ = {
			isa = XCBuildConfiguration;
			buildSettings = {
				ALWAYS_SEARCH_USER_PATHS = NO;
				CLANG_CXX_LANGUAGE_STANDARD = "gnu++0x";
				CLANG_CXX_LIBRARY = "libc++";
				CLANG_ENABLE_MODULES = YES;
				CLANG_ENABLE_OBJC_ARC = YES;
				CLANG_WARN_BOOL_CONVERSION = YES;
				CLANG_WARN_CONSTANT_CONVERSION = YES;
				CLANG_WARN_DIRECT_OBJC_ISA_USAGE = YES_ERROR;
				CLANG_WARN_EMPTY_BODY = YES;
				CLANG_WARN_ENUM_CONVERSION = YES;
				CLANG_WARN_INT_CONVERSION = YES;
				CLANG_WARN_OBJC_ROOT_CLASS = YES_ERROR;
				CLANG_WARN_UNREACHABLE_CODE = YES;
				CLANG_WARN__DUPLICATE_METHOD_MATCH = YES;
				"CODE_SIGN_IDENTITY[sdk=iphoneos*]" = "iPhone Developer";
				COPY_PHASE_STRIP = NO;
				DEBUG_INFORMATION_FORMAT = dwarf;
				ENABLE_STRICT_OBJC_MSGSEND = YES;
				ENABLE_TESTABILITY = YES;
				GCC_C_LANGUAGE_STANDARD = gnu99;
				GCC_DYNAMIC_NO_PIC = NO;
				GCC_NO_COMMON_BLOCKS = YES;
				GCC_OPTIMIZATION_LEVEL = 0;
				GCC_PREPROCESSOR_DEFINITIONS = (
					"DEBUG=1",
					"$(inherited)",
				);
				GCC_WARN_64_TO_32_BIT_CONVERSION = YES;
				GCC_WARN_ABOUT_RETURN_TYPE = YES_ERROR;
				GCC_WARN_UNDECLARED_SELECTOR = YES;
				GCC_WARN_UNINITIALIZED_AUTOS = YES_AGGRESSIVE;
				GCC_WARN_UNUSED_FUNCTION = YES;
				GCC_WARN_UNUSED_VARIABLE = YES;
				IPHONEOS_DEPLOYMENT_TARGET = 9.2;
				MTL_ENABLE_DEBUG_INFO = YES;
				ONLY_ACTIVE_ARCH = YES;
				SDKROOT = iphoneos;
				SWIFT_OPTIMIZATION_LEVEL = "-Onone";
			};
			name = Debug;
		};
		C97AD5C41DC2178A001209E0 /* Release */ = {
			isa = XCBuildConfiguration;
			buildSettings = {
				ALWAYS_SEARCH_USER_PATHS = NO;
				CLANG_CXX_LANGUAGE_STANDARD = "gnu++0x";
				CLANG_CXX_LIBRARY = "libc++";
				CLANG_ENABLE_MODULES = YES;
				CLANG_ENABLE_OBJC_ARC = YES;
				CLANG_WARN_BOOL_CONVERSION = YES;
				CLANG_WARN_CONSTANT_CONVERSION = YES;
				CLANG_WARN_DIRECT_OBJC_ISA_USAGE = YES_ERROR;
				CLANG_WARN_EMPTY_BODY = YES;
				CLANG_WARN_ENUM_CONVERSION = YES;
				CLANG_WARN_INT_CONVERSION = YES;
				CLANG_WARN_OBJC_ROOT_CLASS = YES_ERROR;
				CLANG_WARN_UNREACHABLE_CODE = YES;
				CLANG_WARN__DUPLICATE_METHOD_MATCH = YES;
				"CODE_SIGN_IDENTITY[sdk=iphoneos*]" = "iPhone Developer";
				COPY_PHASE_STRIP = NO;
				DEBUG_INFORMATION_FORMAT = "dwarf-with-dsym";
				ENABLE_NS_ASSERTIONS = NO;
				ENABLE_STRICT_OBJC_MSGSEND = YES;
				GCC_C_LANGUAGE_STANDARD = gnu99;
				GCC_NO_COMMON_BLOCKS = YES;
				GCC_WARN_64_TO_32_BIT_CONVERSION = YES;
				GCC_WARN_ABOUT_RETURN_TYPE = YES_ERROR;
				GCC_WARN_UNDECLARED_SELECTOR = YES;
				GCC_WARN_UNINITIALIZED_AUTOS = YES_AGGRESSIVE;
				GCC_WARN_UNUSED_FUNCTION = YES;
				GCC_WARN_UNUSED_VARIABLE = YES;
				IPHONEOS_DEPLOYMENT_TARGET = 9.2;
				MTL_ENABLE_DEBUG_INFO = NO;
				SDKROOT = iphoneos;
				VALIDATE_PRODUCT = YES;
			};
			name = Release;
		};
		C97AD5C61DC2178A001209E0 /* Debug */ = {
			isa = XCBuildConfiguration;
			baseConfigurationReference = 285241CEF71606320923BD83 /* Pods-SerbisYou-App.debug.xcconfig */;
			buildSettings = {
				ASSETCATALOG_COMPILER_APPICON_NAME = AppIcon;
				CODE_SIGN_IDENTITY = "iPhone Developer";
				"CODE_SIGN_IDENTITY[sdk=iphoneos*]" = "iPhone Developer";
				DEVELOPMENT_TEAM = N6QSGUZ89X;
				FRAMEWORK_SEARCH_PATHS = (
					"$(inherited)",
					"$(PROJECT_DIR)",
					"/Users/piktochart-edsil/Documents/FacebookSDK",
					"$(PROJECT_DIR)/build/Debug-iphoneos/Bolts",
					"$(PROJECT_DIR)/build/Debug-iphoneos/FBSDKCoreKit",
					"$(PROJECT_DIR)/build/Debug-iphoneos/FBSDKLoginKit",
					"$(PROJECT_DIR)/build/Debug-iphoneos/FBSDKShareKit",
				);
				INFOPLIST_FILE = "SerbisYou-App/config/Info.plist";
				LD_RUNPATH_SEARCH_PATHS = "$(inherited) @executable_path/Frameworks";
				PRODUCT_BUNDLE_IDENTIFIER = "com.eebasadre.swift.SerbisYou-App";
				PRODUCT_NAME = "$(TARGET_NAME)";
				SWIFT_VERSION = 3.0;
			};
			name = Debug;
		};
		C97AD5C71DC2178A001209E0 /* Release */ = {
			isa = XCBuildConfiguration;
			baseConfigurationReference = D05510FE8B00A062B98FFBEB /* Pods-SerbisYou-App.release.xcconfig */;
			buildSettings = {
				ASSETCATALOG_COMPILER_APPICON_NAME = AppIcon;
				CODE_SIGN_IDENTITY = "iPhone Developer";
				"CODE_SIGN_IDENTITY[sdk=iphoneos*]" = "iPhone Developer";
				DEVELOPMENT_TEAM = N6QSGUZ89X;
				FRAMEWORK_SEARCH_PATHS = (
					"$(inherited)",
					"$(PROJECT_DIR)",
					"/Users/piktochart-edsil/Documents/FacebookSDK",
					"$(PROJECT_DIR)/build/Debug-iphoneos/Bolts",
					"$(PROJECT_DIR)/build/Debug-iphoneos/FBSDKCoreKit",
					"$(PROJECT_DIR)/build/Debug-iphoneos/FBSDKLoginKit",
					"$(PROJECT_DIR)/build/Debug-iphoneos/FBSDKShareKit",
				);
				INFOPLIST_FILE = "SerbisYou-App/config/Info.plist";
				LD_RUNPATH_SEARCH_PATHS = "$(inherited) @executable_path/Frameworks";
				PRODUCT_BUNDLE_IDENTIFIER = "com.eebasadre.swift.SerbisYou-App";
				PRODUCT_NAME = "$(TARGET_NAME)";
				SWIFT_VERSION = 3.0;
			};
			name = Release;
		};
		C97AD5C91DC2178A001209E0 /* Debug */ = {
			isa = XCBuildConfiguration;
			baseConfigurationReference = 05FB97F65BBA73682EB70302 /* Pods-SerbisYou-AppTests.debug.xcconfig */;
			buildSettings = {
				BUNDLE_LOADER = "$(TEST_HOST)";
				INFOPLIST_FILE = "SerbisYou-AppTests/Info.plist";
				LD_RUNPATH_SEARCH_PATHS = "$(inherited) @executable_path/Frameworks @loader_path/Frameworks";
				PRODUCT_BUNDLE_IDENTIFIER = "com.eebasadre.swift.SerbisYou-AppTests";
				PRODUCT_NAME = "$(TARGET_NAME)";
				SWIFT_VERSION = 3.0;
				TEST_HOST = "$(BUILT_PRODUCTS_DIR)/SerbisYou-App.app/SerbisYou-App";
			};
			name = Debug;
		};
		C97AD5CA1DC2178A001209E0 /* Release */ = {
			isa = XCBuildConfiguration;
			baseConfigurationReference = 2ED484B67628E7523EB9F0D2 /* Pods-SerbisYou-AppTests.release.xcconfig */;
			buildSettings = {
				BUNDLE_LOADER = "$(TEST_HOST)";
				INFOPLIST_FILE = "SerbisYou-AppTests/Info.plist";
				LD_RUNPATH_SEARCH_PATHS = "$(inherited) @executable_path/Frameworks @loader_path/Frameworks";
				PRODUCT_BUNDLE_IDENTIFIER = "com.eebasadre.swift.SerbisYou-AppTests";
				PRODUCT_NAME = "$(TARGET_NAME)";
				SWIFT_VERSION = 3.0;
				TEST_HOST = "$(BUILT_PRODUCTS_DIR)/SerbisYou-App.app/SerbisYou-App";
			};
			name = Release;
		};
		C97AD5CC1DC2178A001209E0 /* Debug */ = {
			isa = XCBuildConfiguration;
			baseConfigurationReference = 0038DE1030C309E3C1747422 /* Pods-SerbisYou-AppUITests.debug.xcconfig */;
			buildSettings = {
				INFOPLIST_FILE = "SerbisYou-AppUITests/Info.plist";
				LD_RUNPATH_SEARCH_PATHS = "$(inherited) @executable_path/Frameworks @loader_path/Frameworks";
				PRODUCT_BUNDLE_IDENTIFIER = "com.eebasadre.swift.SerbisYou-AppUITests";
				PRODUCT_NAME = "$(TARGET_NAME)";
				SWIFT_VERSION = 3.0;
				TEST_TARGET_NAME = "SerbisYou-App";
				USES_XCTRUNNER = YES;
			};
			name = Debug;
		};
		C97AD5CD1DC2178A001209E0 /* Release */ = {
			isa = XCBuildConfiguration;
			baseConfigurationReference = 830D096A30D8E2F8CD5ACC0C /* Pods-SerbisYou-AppUITests.release.xcconfig */;
			buildSettings = {
				INFOPLIST_FILE = "SerbisYou-AppUITests/Info.plist";
				LD_RUNPATH_SEARCH_PATHS = "$(inherited) @executable_path/Frameworks @loader_path/Frameworks";
				PRODUCT_BUNDLE_IDENTIFIER = "com.eebasadre.swift.SerbisYou-AppUITests";
				PRODUCT_NAME = "$(TARGET_NAME)";
				SWIFT_VERSION = 3.0;
				TEST_TARGET_NAME = "SerbisYou-App";
				USES_XCTRUNNER = YES;
			};
			name = Release;
		};
/* End XCBuildConfiguration section */

/* Begin XCConfigurationList section */
		C97AD5981DC21789001209E0 /* Build configuration list for PBXProject "SerbisYou-App" */ = {
			isa = XCConfigurationList;
			buildConfigurations = (
				C97AD5C31DC2178A001209E0 /* Debug */,
				C97AD5C41DC2178A001209E0 /* Release */,
			);
			defaultConfigurationIsVisible = 0;
			defaultConfigurationName = Release;
		};
		C97AD5C51DC2178A001209E0 /* Build configuration list for PBXNativeTarget "SerbisYou-App" */ = {
			isa = XCConfigurationList;
			buildConfigurations = (
				C97AD5C61DC2178A001209E0 /* Debug */,
				C97AD5C71DC2178A001209E0 /* Release */,
			);
			defaultConfigurationIsVisible = 0;
			defaultConfigurationName = Release;
		};
		C97AD5C81DC2178A001209E0 /* Build configuration list for PBXNativeTarget "SerbisYou-AppTests" */ = {
			isa = XCConfigurationList;
			buildConfigurations = (
				C97AD5C91DC2178A001209E0 /* Debug */,
				C97AD5CA1DC2178A001209E0 /* Release */,
			);
			defaultConfigurationIsVisible = 0;
			defaultConfigurationName = Release;
		};
		C97AD5CB1DC2178A001209E0 /* Build configuration list for PBXNativeTarget "SerbisYou-AppUITests" */ = {
			isa = XCConfigurationList;
			buildConfigurations = (
				C97AD5CC1DC2178A001209E0 /* Debug */,
				C97AD5CD1DC2178A001209E0 /* Release */,
			);
			defaultConfigurationIsVisible = 0;
			defaultConfigurationName = Release;
		};
/* End XCConfigurationList section */
	};
	rootObject = C97AD5951DC21789001209E0 /* Project object */;
}
